
Microsoft Visual Studio Solution File, Format Version 12.00
# Visual Studio 15
VisualStudioVersion = 15.0.27428.2043
MinimumVisualStudioVersion = 10.0.40219.1
Project("{9A19103F-16F7-4668-BE54-9A1E7A4F7556}") = "IEX.Net", "src\IEX.Net\IEX.Net.csproj", "{E6863014-DA79-41AB-B4CD-9ECC7063241F}"
EndProject
Project("{9A19103F-16F7-4668-BE54-9A1E7A4F7556}") = "IEX.Net.Demo", "src\IEX.Net.Demo\IEX.Net.Demo.csproj", "{E0BE1325-80B8-40DB-9A15-341D92C777A8}"
EndProject
Global
	GlobalSection(SolutionConfigurationPlatforms) = preSolution
		Debug|Any CPU = Debug|Any CPU
		Release|Any CPU = Release|Any CPU
	EndGlobalSection
	GlobalSection(ProjectConfigurationPlatforms) = postSolution
		{E6863014-DA79-41AB-B4CD-9ECC7063241F}.Debug|Any CPU.ActiveCfg = Debug|Any CPU
		{E6863014-DA79-41AB-B4CD-9ECC7063241F}.Debug|Any CPU.Build.0 = Debug|Any CPU
		{E6863014-DA79-41AB-B4CD-9ECC7063241F}.Release|Any CPU.ActiveCfg = Release|Any CPU
		{E6863014-DA79-41AB-B4CD-9ECC7063241F}.Release|Any CPU.Build.0 = Release|Any CPU
		{E0BE1325-80B8-40DB-9A15-341D92C777A8}.Debug|Any CPU.ActiveCfg = Debug|Any CPU
		{E0BE1325-80B8-40DB-9A15-341D92C777A8}.Debug|Any CPU.Build.0 = Debug|Any CPU
		{E0BE1325-80B8-40DB-9A15-341D92C777A8}.Release|Any CPU.ActiveCfg = Release|Any CPU
		{E0BE1325-80B8-40DB-9A15-341D92C777A8}.Release|Any CPU.Build.0 = Release|Any CPU
	EndGlobalSection
	GlobalSection(SolutionProperties) = preSolution
		HideSolutionNode = FALSE
	EndGlobalSection
	GlobalSection(ExtensibilityGlobals) = postSolution
		SolutionGuid = {727A8FB6-E6B6-44BB-BEF3-F52C4B9239AE}
	EndGlobalSection
EndGlobal
